
Microsoft Visual Studio Solution File, Format Version 12.00
# Visual Studio Version 17
VisualStudioVersion = 17.9.34723.18
MinimumVisualStudioVersion = 10.0.40219.1
Project("{FAE04EC0-301F-11D3-BF4B-00C04F79EFBC}") = "AssetTracking", "AssetTracking\AssetTracking.csproj", "{1949BD71-6F23-4209-BFFC-24AF5133C609}"
EndProject
Global
	GlobalSection(SolutionConfigurationPlatforms) = preSolution
		Debug|Any CPU = Debug|Any CPU
		Release|Any CPU = Release|Any CPU
	EndGlobalSection
	GlobalSection(ProjectConfigurationPlatforms) = postSolution
		{1949BD71-6F23-4209-BFFC-24AF5133C609}.Debug|Any CPU.ActiveCfg = Debug|Any CPU
		{1949BD71-6F23-4209-BFFC-24AF5133C609}.Debug|Any CPU.Build.0 = Debug|Any CPU
		{1949BD71-6F23-4209-BFFC-24AF5133C609}.Release|Any CPU.ActiveCfg = Release|Any CPU
		{1949BD71-6F23-4209-BFFC-24AF5133C609}.Release|Any CPU.Build.0 = Release|Any CPU
	EndGlobalSection
	GlobalSection(SolutionProperties) = preSolution
		HideSolutionNode = FALSE
	EndGlobalSection
	GlobalSection(ExtensibilityGlobals) = postSolution
		SolutionGuid = {17A11144-962A-4CC5-A0C5-04E5CBAD052E}
	EndGlobalSection
EndGlobal
